
Microsoft Visual Studio Solution File, Format Version 12.00
# Visual Studio Express 2012 for Windows Desktop
Project("{F184B08F-C81C-45F6-A57F-5ABD9991F28F}") = "CheckPrice", "CheckPrice\CheckPrice.vbproj", "{B5683D9C-03F5-44A4-B202-4774FA412096}"
EndProject
Project("{F184B08F-C81C-45F6-A57F-5ABD9991F28F}") = "CheckPrice.Test", "CheckPrice.Test\CheckPrice.Test.vbproj", "{73246265-7F2C-45F3-B83D-DCCD838153A0}"
EndProject
Project("{F184B08F-C81C-45F6-A57F-5ABD9991F28F}") = "Calculator.Library", "Calculator\Calculator.Library.vbproj", "{AB554257-AA5F-47FA-B5F2-9235AEF62E65}"
EndProject
Project("{F184B08F-C81C-45F6-A57F-5ABD9991F28F}") = "Database", "Database.Library\Database.vbproj", "{92CFC56D-0D14-4F74-A1FE-8F394540DC6E}"
EndProject
Project("{F184B08F-C81C-45F6-A57F-5ABD9991F28F}") = "Database.Library.Test", "Database.Library.Test\Database.Library.Test.vbproj", "{7B33296F-D682-46A8-8CB7-34E9C68F3E8C}"
EndProject
Global
	GlobalSection(SolutionConfigurationPlatforms) = preSolution
		Debug|Any CPU = Debug|Any CPU
		Debug|x86 = Debug|x86
		Release|Any CPU = Release|Any CPU
		Release|x86 = Release|x86
	EndGlobalSection
	GlobalSection(ProjectConfigurationPlatforms) = postSolution
		{B5683D9C-03F5-44A4-B202-4774FA412096}.Debug|Any CPU.ActiveCfg = Debug|Any CPU
		{B5683D9C-03F5-44A4-B202-4774FA412096}.Debug|Any CPU.Build.0 = Debug|Any CPU
		{B5683D9C-03F5-44A4-B202-4774FA412096}.Debug|x86.ActiveCfg = Debug|x86
		{B5683D9C-03F5-44A4-B202-4774FA412096}.Debug|x86.Build.0 = Debug|x86
		{B5683D9C-03F5-44A4-B202-4774FA412096}.Release|Any CPU.ActiveCfg = Release|Any CPU
		{B5683D9C-03F5-44A4-B202-4774FA412096}.Release|Any CPU.Build.0 = Release|Any CPU
		{B5683D9C-03F5-44A4-B202-4774FA412096}.Release|x86.ActiveCfg = Release|x86
		{B5683D9C-03F5-44A4-B202-4774FA412096}.Release|x86.Build.0 = Release|x86
		{73246265-7F2C-45F3-B83D-DCCD838153A0}.Debug|Any CPU.ActiveCfg = Debug|Any CPU
		{73246265-7F2C-45F3-B83D-DCCD838153A0}.Debug|Any CPU.Build.0 = Debug|Any CPU
		{73246265-7F2C-45F3-B83D-DCCD838153A0}.Debug|x86.ActiveCfg = Debug|x86
		{73246265-7F2C-45F3-B83D-DCCD838153A0}.Debug|x86.Build.0 = Debug|x86
		{73246265-7F2C-45F3-B83D-DCCD838153A0}.Release|Any CPU.ActiveCfg = Release|Any CPU
		{73246265-7F2C-45F3-B83D-DCCD838153A0}.Release|Any CPU.Build.0 = Release|Any CPU
		{73246265-7F2C-45F3-B83D-DCCD838153A0}.Release|x86.ActiveCfg = Release|x86
		{73246265-7F2C-45F3-B83D-DCCD838153A0}.Release|x86.Build.0 = Release|x86
		{AB554257-AA5F-47FA-B5F2-9235AEF62E65}.Debug|Any CPU.ActiveCfg = Debug|Any CPU
		{AB554257-AA5F-47FA-B5F2-9235AEF62E65}.Debug|Any CPU.Build.0 = Debug|Any CPU
		{AB554257-AA5F-47FA-B5F2-9235AEF62E65}.Debug|x86.ActiveCfg = Debug|x86
		{AB554257-AA5F-47FA-B5F2-9235AEF62E65}.Debug|x86.Build.0 = Debug|x86
		{AB554257-AA5F-47FA-B5F2-9235AEF62E65}.Release|Any CPU.ActiveCfg = Release|Any CPU
		{AB554257-AA5F-47FA-B5F2-9235AEF62E65}.Release|Any CPU.Build.0 = Release|Any CPU
		{AB554257-AA5F-47FA-B5F2-9235AEF62E65}.Release|x86.ActiveCfg = Release|x86
		{AB554257-AA5F-47FA-B5F2-9235AEF62E65}.Release|x86.Build.0 = Release|x86
		{92CFC56D-0D14-4F74-A1FE-8F394540DC6E}.Debug|Any CPU.ActiveCfg = Debug|Any CPU
		{92CFC56D-0D14-4F74-A1FE-8F394540DC6E}.Debug|Any CPU.Build.0 = Debug|Any CPU
		{92CFC56D-0D14-4F74-A1FE-8F394540DC6E}.Debug|x86.ActiveCfg = Debug|x86
		{92CFC56D-0D14-4F74-A1FE-8F394540DC6E}.Debug|x86.Build.0 = Debug|x86
		{92CFC56D-0D14-4F74-A1FE-8F394540DC6E}.Release|Any CPU.ActiveCfg = Release|Any CPU
		{92CFC56D-0D14-4F74-A1FE-8F394540DC6E}.Release|Any CPU.Build.0 = Release|Any CPU
		{92CFC56D-0D14-4F74-A1FE-8F394540DC6E}.Release|x86.ActiveCfg = Release|x86
		{92CFC56D-0D14-4F74-A1FE-8F394540DC6E}.Release|x86.Build.0 = Release|x86
		{7B33296F-D682-46A8-8CB7-34E9C68F3E8C}.Debug|Any CPU.ActiveCfg = Debug|Any CPU
		{7B33296F-D682-46A8-8CB7-34E9C68F3E8C}.Debug|Any CPU.Build.0 = Debug|Any CPU
		{7B33296F-D682-46A8-8CB7-34E9C68F3E8C}.Debug|x86.ActiveCfg = Debug|x86
		{7B33296F-D682-46A8-8CB7-34E9C68F3E8C}.Debug|x86.Build.0 = Debug|x86
		{7B33296F-D682-46A8-8CB7-34E9C68F3E8C}.Release|Any CPU.ActiveCfg = Release|Any CPU
		{7B33296F-D682-46A8-8CB7-34E9C68F3E8C}.Release|Any CPU.Build.0 = Release|Any CPU
		{7B33296F-D682-46A8-8CB7-34E9C68F3E8C}.Release|x86.ActiveCfg = Release|x86
		{7B33296F-D682-46A8-8CB7-34E9C68F3E8C}.Release|x86.Build.0 = Release|x86
	EndGlobalSection
	GlobalSection(SolutionProperties) = preSolution
		HideSolutionNode = FALSE
	EndGlobalSection
	GlobalSection(ExtensibilityGlobals) = postSolution
		SolutionGuid = {DAF6FB2E-50E2-46B4-A362-1A6A995EF9B9}
	EndGlobalSection
EndGlobal
